
Microsoft Visual Studio Solution File, Format Version 11.00
# Visual Studio 2010
Project("{FAE04EC0-301F-11D3-BF4B-00C04F79EFBC}") = "MagicaCloth", "MagicaCloth.csproj", "{3ff92f48-1db2-8b3b-0a00-7772b50750e7}"
EndProject
Project("{FAE04EC0-301F-11D3-BF4B-00C04F79EFBC}") = "Assembly-CSharp", "Assembly-CSharp.csproj", "{bc8152be-921d-8b0d-8486-93b8f2042517}"
EndProject
Project("{FAE04EC0-301F-11D3-BF4B-00C04F79EFBC}") = "MagicaCloth.Editor", "MagicaCloth.Editor.csproj", "{2362e200-d52f-0826-bbf1-ced62161265c}"
EndProject
Project("{FAE04EC0-301F-11D3-BF4B-00C04F79EFBC}") = "ThryAssemblyDefinition", "ThryAssemblyDefinition.csproj", "{b4b7b3fc-3702-7065-ec44-d719187b4fc5}"
EndProject
Project("{FAE04EC0-301F-11D3-BF4B-00C04F79EFBC}") = "Assembly-CSharp-Editor", "Assembly-CSharp-Editor.csproj", "{c6bc3d29-60b6-3dff-b03f-9e72ac253f2e}"
EndProject
Global
	GlobalSection(SolutionConfigurationPlatforms) = preSolution
		Debug|Any CPU = Debug|Any CPU
	EndGlobalSection
	GlobalSection(ProjectConfigurationPlatforms) = postSolution
		{3ff92f48-1db2-8b3b-0a00-7772b50750e7}.Debug|Any CPU.ActiveCfg = Debug|Any CPU
		{3ff92f48-1db2-8b3b-0a00-7772b50750e7}.Debug|Any CPU.Build.0 = Debug|Any CPU
		{bc8152be-921d-8b0d-8486-93b8f2042517}.Debug|Any CPU.ActiveCfg = Debug|Any CPU
		{bc8152be-921d-8b0d-8486-93b8f2042517}.Debug|Any CPU.Build.0 = Debug|Any CPU
		{2362e200-d52f-0826-bbf1-ced62161265c}.Debug|Any CPU.ActiveCfg = Debug|Any CPU
		{2362e200-d52f-0826-bbf1-ced62161265c}.Debug|Any CPU.Build.0 = Debug|Any CPU
		{b4b7b3fc-3702-7065-ec44-d719187b4fc5}.Debug|Any CPU.ActiveCfg = Debug|Any CPU
		{b4b7b3fc-3702-7065-ec44-d719187b4fc5}.Debug|Any CPU.Build.0 = Debug|Any CPU
		{c6bc3d29-60b6-3dff-b03f-9e72ac253f2e}.Debug|Any CPU.ActiveCfg = Debug|Any CPU
		{c6bc3d29-60b6-3dff-b03f-9e72ac253f2e}.Debug|Any CPU.Build.0 = Debug|Any CPU
	EndGlobalSection
	GlobalSection(SolutionProperties) = preSolution
		HideSolutionNode = FALSE
	EndGlobalSection
EndGlobal
